// !$*UTF8*$!
{
	archiveVersion = 1;
	classes = {
	};
	objectVersion = 55;
	objects = {

/* Begin PBXBuildFile section */
		FD68F0D127AC183700379095 /* WatchConnectivitySampleForSwiftUI2App.swift in Sources */ = {isa = PBXBuildFile; fileRef = FD68F0D027AC183700379095 /* WatchConnectivitySampleForSwiftUI2App.swift */; };
		FD68F0D527AC183900379095 /* Assets.xcassets in Resources */ = {isa = PBXBuildFile; fileRef = FD68F0D427AC183900379095 /* Assets.xcassets */; };
		FD68F0D827AC183900379095 /* Preview Assets.xcassets in Resources */ = {isa = PBXBuildFile; fileRef = FD68F0D727AC183900379095 /* Preview Assets.xcassets */; };
		FD68F0DC27AC183900379095 /* WatchConnectivitySampleForSwiftUI2 WatchKit App.app in Embed Watch Content */ = {isa = PBXBuildFile; fileRef = FD68F0DB27AC183900379095 /* WatchConnectivitySampleForSwiftUI2 WatchKit App.app */; settings = {ATTRIBUTES = (RemoveHeadersOnCopy, ); }; };
		FD68F0E127AC183900379095 /* Assets.xcassets in Resources */ = {isa = PBXBuildFile; fileRef = FD68F0E027AC183900379095 /* Assets.xcassets */; };
		FD68F0E727AC183900379095 /* WatchConnectivitySampleForSwiftUI2 WatchKit Extension.appex in Embed App Extensions */ = {isa = PBXBuildFile; fileRef = FD68F0E627AC183900379095 /* WatchConnectivitySampleForSwiftUI2 WatchKit Extension.appex */; settings = {ATTRIBUTES = (RemoveHeadersOnCopy, ); }; };
		FD68F0EE27AC183900379095 /* WatchConnectivitySampleForSwiftUI2App.swift in Sources */ = {isa = PBXBuildFile; fileRef = FD68F0ED27AC183900379095 /* WatchConnectivitySampleForSwiftUI2App.swift */; };
		FD68F0F027AC183900379095 /* ComplicationController.swift in Sources */ = {isa = PBXBuildFile; fileRef = FD68F0EF27AC183900379095 /* ComplicationController.swift */; };
		FD68F0F227AC183A00379095 /* Assets.xcassets in Resources */ = {isa = PBXBuildFile; fileRef = FD68F0F127AC183A00379095 /* Assets.xcassets */; };
		FD68F0F527AC183A00379095 /* Preview Assets.xcassets in Resources */ = {isa = PBXBuildFile; fileRef = FD68F0F427AC183A00379095 /* Preview Assets.xcassets */; };
		FD68F10527AD749000379095 /* ReceiverView.swift in Sources */ = {isa = PBXBuildFile; fileRef = FD68F10427AD749000379095 /* ReceiverView.swift */; };
		FD68F10727AD74B900379095 /* AnimalListView.swift in Sources */ = {isa = PBXBuildFile; fileRef = FD68F10627AD74B900379095 /* AnimalListView.swift */; };
		FD68F10927AEBD3F00379095 /* Animal.swift in Sources */ = {isa = PBXBuildFile; fileRef = FD68F10827AEBD3F00379095 /* Animal.swift */; };
		FD68F10A27AEBD3F00379095 /* Animal.swift in Sources */ = {isa = PBXBuildFile; fileRef = FD68F10827AEBD3F00379095 /* Animal.swift */; };
		FD68F10C27B1495300379095 /* AnimalListViewModel.swift in Sources */ = {isa = PBXBuildFile; fileRef = FD68F10B27B1495300379095 /* AnimalListViewModel.swift */; };
		FD68F10E27B14EF800379095 /* ReceiverViewModel.swift in Sources */ = {isa = PBXBuildFile; fileRef = FD68F10D27B14EF800379095 /* ReceiverViewModel.swift */; };
		FD68F11127B3D4CA00379095 /* Record.swift in Sources */ = {isa = PBXBuildFile; fileRef = FD68F10F27B3D4CA00379095 /* Record.swift */; };
		FD68F11227B3D57300379095 /* Record.swift in Sources */ = {isa = PBXBuildFile; fileRef = FD68F10F27B3D4CA00379095 /* Record.swift */; };
/* End PBXBuildFile section */

/* Begin PBXContainerItemProxy section */
		FD68F0DD27AC183900379095 /* PBXContainerItemProxy */ = {
			isa = PBXContainerItemProxy;
			containerPortal = FD68F0C527AC183700379095 /* Project object */;
			proxyType = 1;
			remoteGlobalIDString = FD68F0DA27AC183900379095;
			remoteInfo = "WatchConnectivitySampleForSwiftUI2 WatchKit App";
		};
		FD68F0E827AC183900379095 /* PBXContainerItemProxy */ = {
			isa = PBXContainerItemProxy;
			containerPortal = FD68F0C527AC183700379095 /* Project object */;
			proxyType = 1;
			remoteGlobalIDString = FD68F0E527AC183900379095;
			remoteInfo = "WatchConnectivitySampleForSwiftUI2 WatchKit Extension";
		};
/* End PBXContainerItemProxy section */

/* Begin PBXCopyFilesBuildPhase section */
		FD68F0FC27AC183A00379095 /* Embed App Extensions */ = {
			isa = PBXCopyFilesBuildPhase;
			buildActionMask = 2147483647;
			dstPath = "";
			dstSubfolderSpec = 13;
			files = (
				FD68F0E727AC183900379095 /* WatchConnectivitySampleForSwiftUI2 WatchKit Extension.appex in Embed App Extensions */,
			);
			name = "Embed App Extensions";
			runOnlyForDeploymentPostprocessing = 0;
		};
		FD68F10027AC183A00379095 /* Embed Watch Content */ = {
			isa = PBXCopyFilesBuildPhase;
			buildActionMask = 2147483647;
			dstPath = "$(CONTENTS_FOLDER_PATH)/Watch";
			dstSubfolderSpec = 16;
			files = (
				FD68F0DC27AC183900379095 /* WatchConnectivitySampleForSwiftUI2 WatchKit App.app in Embed Watch Content */,
			);
			name = "Embed Watch Content";
			runOnlyForDeploymentPostprocessing = 0;
		};
/* End PBXCopyFilesBuildPhase section */

/* Begin PBXFileReference section */
		FD68F0CD27AC183700379095 /* WatchConnectivitySampleForSwiftUI2.app */ = {isa = PBXFileReference; explicitFileType = wrapper.application; includeInIndex = 0; path = WatchConnectivitySampleForSwiftUI2.app; sourceTree = BUILT_PRODUCTS_DIR; };
		FD68F0D027AC183700379095 /* WatchConnectivitySampleForSwiftUI2App.swift */ = {isa = PBXFileReference; lastKnownFileType = sourcecode.swift; path = WatchConnectivitySampleForSwiftUI2App.swift; sourceTree = "<group>"; };
		FD68F0D427AC183900379095 /* Assets.xcassets */ = {isa = PBXFileReference; lastKnownFileType = folder.assetcatalog; path = Assets.xcassets; sourceTree = "<group>"; };
		FD68F0D727AC183900379095 /* Preview Assets.xcassets */ = {isa = PBXFileReference; lastKnownFileType = folder.assetcatalog; path = "Preview Assets.xcassets"; sourceTree = "<group>"; };
		FD68F0DB27AC183900379095 /* WatchConnectivitySampleForSwiftUI2 WatchKit App.app */ = {isa = PBXFileReference; explicitFileType = wrapper.application; includeInIndex = 0; path = "WatchConnectivitySampleForSwiftUI2 WatchKit App.app"; sourceTree = BUILT_PRODUCTS_DIR; };
		FD68F0E027AC183900379095 /* Assets.xcassets */ = {isa = PBXFileReference; lastKnownFileType = folder.assetcatalog; path = Assets.xcassets; sourceTree = "<group>"; };
		FD68F0E627AC183900379095 /* WatchConnectivitySampleForSwiftUI2 WatchKit Extension.appex */ = {isa = PBXFileReference; explicitFileType = "wrapper.app-extension"; includeInIndex = 0; path = "WatchConnectivitySampleForSwiftUI2 WatchKit Extension.appex"; sourceTree = BUILT_PRODUCTS_DIR; };
		FD68F0ED27AC183900379095 /* WatchConnectivitySampleForSwiftUI2App.swift */ = {isa = PBXFileReference; lastKnownFileType = sourcecode.swift; path = WatchConnectivitySampleForSwiftUI2App.swift; sourceTree = "<group>"; };
		FD68F0EF27AC183900379095 /* ComplicationController.swift */ = {isa = PBXFileReference; lastKnownFileType = sourcecode.swift; path = ComplicationController.swift; sourceTree = "<group>"; };
		FD68F0F127AC183A00379095 /* Assets.xcassets */ = {isa = PBXFileReference; lastKnownFileType = folder.assetcatalog; path = Assets.xcassets; sourceTree = "<group>"; };
		FD68F0F427AC183A00379095 /* Preview Assets.xcassets */ = {isa = PBXFileReference; lastKnownFileType = folder.assetcatalog; path = "Preview Assets.xcassets"; sourceTree = "<group>"; };
		FD68F0F627AC183A00379095 /* Info.plist */ = {isa = PBXFileReference; lastKnownFileType = text.plist.xml; path = Info.plist; sourceTree = "<group>"; };
		FD68F10427AD749000379095 /* ReceiverView.swift */ = {isa = PBXFileReference; lastKnownFileType = sourcecode.swift; path = ReceiverView.swift; sourceTree = "<group>"; };
		FD68F10627AD74B900379095 /* AnimalListView.swift */ = {isa = PBXFileReference; lastKnownFileType = sourcecode.swift; path = AnimalListView.swift; sourceTree = "<group>"; };
		FD68F10827AEBD3F00379095 /* Animal.swift */ = {isa = PBXFileReference; lastKnownFileType = sourcecode.swift; path = Animal.swift; sourceTree = "<group>"; };
		FD68F10B27B1495300379095 /* AnimalListViewModel.swift */ = {isa = PBXFileReference; lastKnownFileType = sourcecode.swift; path = AnimalListViewModel.swift; sourceTree = "<group>"; };
		FD68F10D27B14EF800379095 /* ReceiverViewModel.swift */ = {isa = PBXFileReference; lastKnownFileType = sourcecode.swift; path = ReceiverViewModel.swift; sourceTree = "<group>"; };
		FD68F10F27B3D4CA00379095 /* Record.swift */ = {isa = PBXFileReference; lastKnownFileType = sourcecode.swift; path = Record.swift; sourceTree = "<group>"; };
/* End PBXFileReference section */

/* Begin PBXFrameworksBuildPhase section */
		FD68F0CA27AC183700379095 /* Frameworks */ = {
			isa = PBXFrameworksBuildPhase;
			buildActionMask = 2147483647;
			files = (
			);
			runOnlyForDeploymentPostprocessing = 0;
		};
		FD68F0E327AC183900379095 /* Frameworks */ = {
			isa = PBXFrameworksBuildPhase;
			buildActionMask = 2147483647;
			files = (
			);
			runOnlyForDeploymentPostprocessing = 0;
		};
/* End PBXFrameworksBuildPhase section */

/* Begin PBXGroup section */
		FD68F0C427AC183700379095 = {
			isa = PBXGroup;
			children = (
				FD68F0CF27AC183700379095 /* WatchConnectivitySampleForSwiftUI2 */,
				FD68F0DF27AC183900379095 /* WatchConnectivitySampleForSwiftUI2 WatchKit App */,
				FD68F0EA27AC183900379095 /* WatchConnectivitySampleForSwiftUI2 WatchKit Extension */,
				FD68F0CE27AC183700379095 /* Products */,
			);
			sourceTree = "<group>";
		};
		FD68F0CE27AC183700379095 /* Products */ = {
			isa = PBXGroup;
			children = (
				FD68F0CD27AC183700379095 /* WatchConnectivitySampleForSwiftUI2.app */,
				FD68F0DB27AC183900379095 /* WatchConnectivitySampleForSwiftUI2 WatchKit App.app */,
				FD68F0E627AC183900379095 /* WatchConnectivitySampleForSwiftUI2 WatchKit Extension.appex */,
			);
			name = Products;
			sourceTree = "<group>";
		};
		FD68F0CF27AC183700379095 /* WatchConnectivitySampleForSwiftUI2 */ = {
			isa = PBXGroup;
			children = (
				FD68F0D027AC183700379095 /* WatchConnectivitySampleForSwiftUI2App.swift */,
				FD68F10427AD749000379095 /* ReceiverView.swift */,
				FD68F10D27B14EF800379095 /* ReceiverViewModel.swift */,
				FD68F0D427AC183900379095 /* Assets.xcassets */,
				FD68F0D627AC183900379095 /* Preview Content */,
			);
			path = WatchConnectivitySampleForSwiftUI2;
			sourceTree = "<group>";
		};
		FD68F0D627AC183900379095 /* Preview Content */ = {
			isa = PBXGroup;
			children = (
				FD68F0D727AC183900379095 /* Preview Assets.xcassets */,
			);
			path = "Preview Content";
			sourceTree = "<group>";
		};
		FD68F0DF27AC183900379095 /* WatchConnectivitySampleForSwiftUI2 WatchKit App */ = {
			isa = PBXGroup;
			children = (
				FD68F0E027AC183900379095 /* Assets.xcassets */,
			);
			path = "WatchConnectivitySampleForSwiftUI2 WatchKit App";
			sourceTree = "<group>";
		};
		FD68F0EA27AC183900379095 /* WatchConnectivitySampleForSwiftUI2 WatchKit Extension */ = {
			isa = PBXGroup;
			children = (
				FD68F0ED27AC183900379095 /* WatchConnectivitySampleForSwiftUI2App.swift */,
				FD68F10627AD74B900379095 /* AnimalListView.swift */,
				FD68F10B27B1495300379095 /* AnimalListViewModel.swift */,
				FD68F0EF27AC183900379095 /* ComplicationController.swift */,
				FD68F0F127AC183A00379095 /* Assets.xcassets */,
				FD68F0F627AC183A00379095 /* Info.plist */,
				FD68F0F327AC183A00379095 /* Preview Content */,
				FD68F10F27B3D4CA00379095 /* Record.swift */,
				FD68F10827AEBD3F00379095 /* Animal.swift */,
			);
			path = "WatchConnectivitySampleForSwiftUI2 WatchKit Extension";
			sourceTree = "<group>";
		};
		FD68F0F327AC183A00379095 /* Preview Content */ = {
			isa = PBXGroup;
			children = (
				FD68F0F427AC183A00379095 /* Preview Assets.xcassets */,
			);
			path = "Preview Content";
			sourceTree = "<group>";
		};
/* End PBXGroup section */

/* Begin PBXNativeTarget section */
		FD68F0CC27AC183700379095 /* WatchConnectivitySampleForSwiftUI2 */ = {
			isa = PBXNativeTarget;
			buildConfigurationList = FD68F10127AC183A00379095 /* Build configuration list for PBXNativeTarget "WatchConnectivitySampleForSwiftUI2" */;
			buildPhases = (
				FD68F0C927AC183700379095 /* Sources */,
				FD68F0CA27AC183700379095 /* Frameworks */,
				FD68F0CB27AC183700379095 /* Resources */,
				FD68F10027AC183A00379095 /* Embed Watch Content */,
			);
			buildRules = (
			);
			dependencies = (
				FD68F0DE27AC183900379095 /* PBXTargetDependency */,
			);
			name = WatchConnectivitySampleForSwiftUI2;
			productName = WatchConnectivitySampleForSwiftUI2;
			productReference = FD68F0CD27AC183700379095 /* WatchConnectivitySampleForSwiftUI2.app */;
			productType = "com.apple.product-type.application";
		};
		FD68F0DA27AC183900379095 /* WatchConnectivitySampleForSwiftUI2 WatchKit App */ = {
			isa = PBXNativeTarget;
			buildConfigurationList = FD68F0FD27AC183A00379095 /* Build configuration list for PBXNativeTarget "WatchConnectivitySampleForSwiftUI2 WatchKit App" */;
			buildPhases = (
				FD68F0D927AC183900379095 /* Resources */,
				FD68F0FC27AC183A00379095 /* Embed App Extensions */,
			);
			buildRules = (
			);
			dependencies = (
				FD68F0E927AC183900379095 /* PBXTargetDependency */,
			);
			name = "WatchConnectivitySampleForSwiftUI2 WatchKit App";
			productName = "WatchConnectivitySampleForSwiftUI2 WatchKit App";
			productReference = FD68F0DB27AC183900379095 /* WatchConnectivitySampleForSwiftUI2 WatchKit App.app */;
			productType = "com.apple.product-type.application.watchapp2";
		};
		FD68F0E527AC183900379095 /* WatchConnectivitySampleForSwiftUI2 WatchKit Extension */ = {
			isa = PBXNativeTarget;
			buildConfigurationList = FD68F0F927AC183A00379095 /* Build configuration list for PBXNativeTarget "WatchConnectivitySampleForSwiftUI2 WatchKit Extension" */;
			buildPhases = (
				FD68F0E227AC183900379095 /* Sources */,
				FD68F0E327AC183900379095 /* Frameworks */,
				FD68F0E427AC183900379095 /* Resources */,
			);
			buildRules = (
			);
			dependencies = (
			);
			name = "WatchConnectivitySampleForSwiftUI2 WatchKit Extension";
			productName = "WatchConnectivitySampleForSwiftUI2 WatchKit Extension";
			productReference = FD68F0E627AC183900379095 /* WatchConnectivitySampleForSwiftUI2 WatchKit Extension.appex */;
			productType = "com.apple.product-type.watchkit2-extension";
		};
/* End PBXNativeTarget section */

/* Begin PBXProject section */
		FD68F0C527AC183700379095 /* Project object */ = {
			isa = PBXProject;
			attributes = {
				BuildIndependentTargetsInParallel = 1;
				LastSwiftUpdateCheck = 1320;
				LastUpgradeCheck = 1320;
				TargetAttributes = {
					FD68F0CC27AC183700379095 = {
						CreatedOnToolsVersion = 13.2.1;
					};
					FD68F0DA27AC183900379095 = {
						CreatedOnToolsVersion = 13.2.1;
					};
					FD68F0E527AC183900379095 = {
						CreatedOnToolsVersion = 13.2.1;
					};
				};
			};
			buildConfigurationList = FD68F0C827AC183700379095 /* Build configuration list for PBXProject "WatchConnectivitySampleForSwiftUI2" */;
			compatibilityVersion = "Xcode 13.0";
			developmentRegion = en;
			hasScannedForEncodings = 0;
			knownRegions = (
				en,
				Base,
			);
			mainGroup = FD68F0C427AC183700379095;
			productRefGroup = FD68F0CE27AC183700379095 /* Products */;
			projectDirPath = "";
			projectRoot = "";
			targets = (
				FD68F0CC27AC183700379095 /* WatchConnectivitySampleForSwiftUI2 */,
				FD68F0DA27AC183900379095 /* WatchConnectivitySampleForSwiftUI2 WatchKit App */,
				FD68F0E527AC183900379095 /* WatchConnectivitySampleForSwiftUI2 WatchKit Extension */,
			);
		};
/* End PBXProject section */

/* Begin PBXResourcesBuildPhase section */
		FD68F0CB27AC183700379095 /* Resources */ = {
			isa = PBXResourcesBuildPhase;
			buildActionMask = 2147483647;
			files = (
				FD68F0D827AC183900379095 /* Preview Assets.xcassets in Resources */,
				FD68F0D527AC183900379095 /* Assets.xcassets in Resources */,
			);
			runOnlyForDeploymentPostprocessing = 0;
		};
		FD68F0D927AC183900379095 /* Resources */ = {
			isa = PBXResourcesBuildPhase;
			buildActionMask = 2147483647;
			files = (
				FD68F0E127AC183900379095 /* Assets.xcassets in Resources */,
			);
			runOnlyForDeploymentPostprocessing = 0;
		};
		FD68F0E427AC183900379095 /* Resources */ = {
			isa = PBXResourcesBuildPhase;
			buildActionMask = 2147483647;
			files = (
				FD68F0F527AC183A00379095 /* Preview Assets.xcassets in Resources */,
				FD68F0F227AC183A00379095 /* Assets.xcassets in Resources */,
			);
			runOnlyForDeploymentPostprocessing = 0;
		};
/* End PBXResourcesBuildPhase section */

/* Begin PBXSourcesBuildPhase section */
		FD68F0C927AC183700379095 /* Sources */ = {
			isa = PBXSourcesBuildPhase;
			buildActionMask = 2147483647;
			files = (
				FD68F10527AD749000379095 /* ReceiverView.swift in Sources */,
				FD68F0D127AC183700379095 /* WatchConnectivitySampleForSwiftUI2App.swift in Sources */,
				FD68F11227B3D57300379095 /* Record.swift in Sources */,
				FD68F10927AEBD3F00379095 /* Animal.swift in Sources */,
				FD68F10E27B14EF800379095 /* ReceiverViewModel.swift in Sources */,
			);
			runOnlyForDeploymentPostprocessing = 0;
		};
		FD68F0E227AC183900379095 /* Sources */ = {
			isa = PBXSourcesBuildPhase;
			buildActionMask = 2147483647;
			files = (
				FD68F10C27B1495300379095 /* AnimalListViewModel.swift in Sources */,
				FD68F10727AD74B900379095 /* AnimalListView.swift in Sources */,
				FD68F11127B3D4CA00379095 /* Record.swift in Sources */,
				FD68F10A27AEBD3F00379095 /* Animal.swift in Sources */,
				FD68F0EE27AC183900379095 /* WatchConnectivitySampleForSwiftUI2App.swift in Sources */,
				FD68F0F027AC183900379095 /* ComplicationController.swift in Sources */,
			);
			runOnlyForDeploymentPostprocessing = 0;
		};
/* End PBXSourcesBuildPhase section */

/* Begin PBXTargetDependency section */
		FD68F0DE27AC183900379095 /* PBXTargetDependency */ = {
			isa = PBXTargetDependency;
			target = FD68F0DA27AC183900379095 /* WatchConnectivitySampleForSwiftUI2 WatchKit App */;
			targetProxy = FD68F0DD27AC183900379095 /* PBXContainerItemProxy */;
		};
		FD68F0E927AC183900379095 /* PBXTargetDependency */ = {
			isa = PBXTargetDependency;
			target = FD68F0E527AC183900379095 /* WatchConnectivitySampleForSwiftUI2 WatchKit Extension */;
			targetProxy = FD68F0E827AC183900379095 /* PBXContainerItemProxy */;
		};
/* End PBXTargetDependency section */

/* Begin XCBuildConfiguration section */
		FD68F0F727AC183A00379095 /* Debug */ = {
			isa = XCBuildConfiguration;
			buildSettings = {
				ALWAYS_SEARCH_USER_PATHS = NO;
				CLANG_ANALYZER_NONNULL = YES;
				CLANG_ANALYZER_NUMBER_OBJECT_CONVERSION = YES_AGGRESSIVE;
				CLANG_CXX_LANGUAGE_STANDARD = "gnu++17";
				CLANG_CXX_LIBRARY = "libc++";
				CLANG_ENABLE_MODULES = YES;
				CLANG_ENABLE_OBJC_ARC = YES;
				CLANG_ENABLE_OBJC_WEAK = YES;
				CLANG_WARN_BLOCK_CAPTURE_AUTORELEASING = YES;
				CLANG_WARN_BOOL_CONVERSION = YES;
				CLANG_WARN_COMMA = YES;
				CLANG_WARN_CONSTANT_CONVERSION = YES;
				CLANG_WARN_DEPRECATED_OBJC_IMPLEMENTATIONS = YES;
				CLANG_WARN_DIRECT_OBJC_ISA_USAGE = YES_ERROR;
				CLANG_WARN_DOCUMENTATION_COMMENTS = YES;
				CLANG_WARN_EMPTY_BODY = YES;
				CLANG_WARN_ENUM_CONVERSION = YES;
				CLANG_WARN_INFINITE_RECURSION = YES;
				CLANG_WARN_INT_CONVERSION = YES;
				CLANG_WARN_NON_LITERAL_NULL_CONVERSION = YES;
				CLANG_WARN_OBJC_IMPLICIT_RETAIN_SELF = YES;
				CLANG_WARN_OBJC_LITERAL_CONVERSION = YES;
				CLANG_WARN_OBJC_ROOT_CLASS = YES_ERROR;
				CLANG_WARN_QUOTED_INCLUDE_IN_FRAMEWORK_HEADER = YES;
				CLANG_WARN_RANGE_LOOP_ANALYSIS = YES;
				CLANG_WARN_STRICT_PROTOTYPES = YES;
				CLANG_WARN_SUSPICIOUS_MOVE = YES;
				CLANG_WARN_UNGUARDED_AVAILABILITY = YES_AGGRESSIVE;
				CLANG_WARN_UNREACHABLE_CODE = YES;
				CLANG_WARN__DUPLICATE_METHOD_MATCH = YES;
				COPY_PHASE_STRIP = NO;
				DEBUG_INFORMATION_FORMAT = dwarf;
				ENABLE_STRICT_OBJC_MSGSEND = YES;
				ENABLE_TESTABILITY = YES;
				GCC_C_LANGUAGE_STANDARD = gnu11;
				GCC_DYNAMIC_NO_PIC = NO;
				GCC_NO_COMMON_BLOCKS = YES;
				GCC_OPTIMIZATION_LEVEL = 0;
				GCC_PREPROCESSOR_DEFINITIONS = (
					"DEBUG=1",
					"$(inherited)",
				);
				GCC_WARN_64_TO_32_BIT_CONVERSION = YES;
				GCC_WARN_ABOUT_RETURN_TYPE = YES_ERROR;
				GCC_WARN_UNDECLARED_SELECTOR = YES;
				GCC_WARN_UNINITIALIZED_AUTOS = YES_AGGRESSIVE;
				GCC_WARN_UNUSED_FUNCTION = YES;
				GCC_WARN_UNUSED_VARIABLE = YES;
				IPHONEOS_DEPLOYMENT_TARGET = 15.0;
				MTL_ENABLE_DEBUG_INFO = INCLUDE_SOURCE;
				MTL_FAST_MATH = YES;
				ONLY_ACTIVE_ARCH = YES;
				SWIFT_ACTIVE_COMPILATION_CONDITIONS = DEBUG;
				SWIFT_OPTIMIZATION_LEVEL = "-Onone";
			};
			name = Debug;
		};
		FD68F0F827AC183A00379095 /* Release */ = {
			isa = XCBuildConfiguration;
			buildSettings = {
				ALWAYS_SEARCH_USER_PATHS = NO;
				CLANG_ANALYZER_NONNULL = YES;
				CLANG_ANALYZER_NUMBER_OBJECT_CONVERSION = YES_AGGRESSIVE;
				CLANG_CXX_LANGUAGE_STANDARD = "gnu++17";
				CLANG_CXX_LIBRARY = "libc++";
				CLANG_ENABLE_MODULES = YES;
				CLANG_ENABLE_OBJC_ARC = YES;
				CLANG_ENABLE_OBJC_WEAK = YES;
				CLANG_WARN_BLOCK_CAPTURE_AUTORELEASING = YES;
				CLANG_WARN_BOOL_CONVERSION = YES;
				CLANG_WARN_COMMA = YES;
				CLANG_WARN_CONSTANT_CONVERSION = YES;
				CLANG_WARN_DEPRECATED_OBJC_IMPLEMENTATIONS = YES;
				CLANG_WARN_DIRECT_OBJC_ISA_USAGE = YES_ERROR;
				CLANG_WARN_DOCUMENTATION_COMMENTS = YES;
				CLANG_WARN_EMPTY_BODY = YES;
				CLANG_WARN_ENUM_CONVERSION = YES;
				CLANG_WARN_INFINITE_RECURSION = YES;
				CLANG_WARN_INT_CONVERSION = YES;
				CLANG_WARN_NON_LITERAL_NULL_CONVERSION = YES;
				CLANG_WARN_OBJC_IMPLICIT_RETAIN_SELF = YES;
				CLANG_WARN_OBJC_LITERAL_CONVERSION = YES;
				CLANG_WARN_OBJC_ROOT_CLASS = YES_ERROR;
				CLANG_WARN_QUOTED_INCLUDE_IN_FRAMEWORK_HEADER = YES;
				CLANG_WARN_RANGE_LOOP_ANALYSIS = YES;
				CLANG_WARN_STRICT_PROTOTYPES = YES;
				CLANG_WARN_SUSPICIOUS_MOVE = YES;
				CLANG_WARN_UNGUARDED_AVAILABILITY = YES_AGGRESSIVE;
				CLANG_WARN_UNREACHABLE_CODE = YES;
				CLANG_WARN__DUPLICATE_METHOD_MATCH = YES;
				COPY_PHASE_STRIP = NO;
				DEBUG_INFORMATION_FORMAT = "dwarf-with-dsym";
				ENABLE_NS_ASSERTIONS = NO;
				ENABLE_STRICT_OBJC_MSGSEND = YES;
				GCC_C_LANGUAGE_STANDARD = gnu11;
				GCC_NO_COMMON_BLOCKS = YES;
				GCC_WARN_64_TO_32_BIT_CONVERSION = YES;
				GCC_WARN_ABOUT_RETURN_TYPE = YES_ERROR;
				GCC_WARN_UNDECLARED_SELECTOR = YES;
				GCC_WARN_UNINITIALIZED_AUTOS = YES_AGGRESSIVE;
				GCC_WARN_UNUSED_FUNCTION = YES;
				GCC_WARN_UNUSED_VARIABLE = YES;
				IPHONEOS_DEPLOYMENT_TARGET = 15.0;
				MTL_ENABLE_DEBUG_INFO = NO;
				MTL_FAST_MATH = YES;
				SWIFT_COMPILATION_MODE = wholemodule;
				SWIFT_OPTIMIZATION_LEVEL = "-O";
			};
			name = Release;
		};
		FD68F0FA27AC183A00379095 /* Debug */ = {
			isa = XCBuildConfiguration;
			buildSettings = {
				ASSETCATALOG_COMPILER_COMPLICATION_NAME = Complication;
				CODE_SIGN_STYLE = Automatic;
				CURRENT_PROJECT_VERSION = 1;
				DEVELOPMENT_ASSET_PATHS = "\"WatchConnectivitySampleForSwiftUI2 WatchKit Extension/Preview Content\"";
				DEVELOPMENT_TEAM = 7M7ZGYSAKB;
				ENABLE_PREVIEWS = YES;
				GENERATE_INFOPLIST_FILE = YES;
				INFOPLIST_FILE = "WatchConnectivitySampleForSwiftUI2 WatchKit Extension/Info.plist";
				INFOPLIST_KEY_CFBundleDisplayName = "WatchConnectivitySampleForSwiftUI2 WatchKit Extension";
				INFOPLIST_KEY_CLKComplicationPrincipalClass = WatchConnectivitySampleForSwiftUI2_WatchKit_Extension.ComplicationController;
				INFOPLIST_KEY_NSHumanReadableCopyright = "";
				INFOPLIST_KEY_WKRunsIndependentlyOfCompanionApp = NO;
				LD_RUNPATH_SEARCH_PATHS = (
					"$(inherited)",
					"@executable_path/Frameworks",
					"@executable_path/../../Frameworks",
				);
				MARKETING_VERSION = 1.0;
				PRODUCT_BUNDLE_IDENTIFIER = com.ASTK.WatchConnectivitySampleForSwiftUI2.watchkitapp.watchkitextension;
				PRODUCT_NAME = "${TARGET_NAME}";
				SDKROOT = watchos;
				SKIP_INSTALL = YES;
				SWIFT_EMIT_LOC_STRINGS = YES;
				SWIFT_VERSION = 5.0;
				TARGETED_DEVICE_FAMILY = 4;
				WATCHOS_DEPLOYMENT_TARGET = 8.0;
			};
			name = Debug;
		};
		FD68F0FB27AC183A00379095 /* Release */ = {
			isa = XCBuildConfiguration;
			buildSettings = {
				ASSETCATALOG_COMPILER_COMPLICATION_NAME = Complication;
				CODE_SIGN_STYLE = Automatic;
				CURRENT_PROJECT_VERSION = 1;
				DEVELOPMENT_ASSET_PATHS = "\"WatchConnectivitySampleForSwiftUI2 WatchKit Extension/Preview Content\"";
				DEVELOPMENT_TEAM = 7M7ZGYSAKB;
				ENABLE_PREVIEWS = YES;
				GENERATE_INFOPLIST_FILE = YES;
				INFOPLIST_FILE = "WatchConnectivitySampleForSwiftUI2 WatchKit Extension/Info.plist";
				INFOPLIST_KEY_CFBundleDisplayName = "WatchConnectivitySampleForSwiftUI2 WatchKit Extension";
				INFOPLIST_KEY_CLKComplicationPrincipalClass = WatchConnectivitySampleForSwiftUI2_WatchKit_Extension.ComplicationController;
				INFOPLIST_KEY_NSHumanReadableCopyright = "";
				INFOPLIST_KEY_WKRunsIndependentlyOfCompanionApp = NO;
				LD_RUNPATH_SEARCH_PATHS = (
					"$(inherited)",
					"@executable_path/Frameworks",
					"@executable_path/../../Frameworks",
				);
				MARKETING_VERSION = 1.0;
				PRODUCT_BUNDLE_IDENTIFIER = com.ASTK.WatchConnectivitySampleForSwiftUI2.watchkitapp.watchkitextension;
				PRODUCT_NAME = "${TARGET_NAME}";
				SDKROOT = watchos;
				SKIP_INSTALL = YES;
				SWIFT_EMIT_LOC_STRINGS = YES;
				SWIFT_VERSION = 5.0;
				TARGETED_DEVICE_FAMILY = 4;
				VALIDATE_PRODUCT = YES;
				WATCHOS_DEPLOYMENT_TARGET = 8.0;
			};
			name = Release;
		};
		FD68F0FE27AC183A00379095 /* Debug */ = {
			isa = XCBuildConfiguration;
			buildSettings = {
				ALWAYS_EMBED_SWIFT_STANDARD_LIBRARIES = YES;
				ASSETCATALOG_COMPILER_APPICON_NAME = AppIcon;
				ASSETCATALOG_COMPILER_GLOBAL_ACCENT_COLOR_NAME = AccentColor;
				CODE_SIGN_STYLE = Automatic;
				CURRENT_PROJECT_VERSION = 1;
				DEVELOPMENT_TEAM = 7M7ZGYSAKB;
				GENERATE_INFOPLIST_FILE = YES;
				IBSC_MODULE = WatchConnectivitySampleForSwiftUI2_WatchKit_Extension;
				INFOPLIST_KEY_CFBundleDisplayName = "WatchConnectivitySampleForSwiftUI2 WatchKit App";
				INFOPLIST_KEY_UISupportedInterfaceOrientations = "UIInterfaceOrientationPortrait UIInterfaceOrientationPortraitUpsideDown";
				INFOPLIST_KEY_WKCompanionAppBundleIdentifier = com.ASTK.WatchConnectivitySampleForSwiftUI2;
				MARKETING_VERSION = 1.0;
				PRODUCT_BUNDLE_IDENTIFIER = com.ASTK.WatchConnectivitySampleForSwiftUI2.watchkitapp;
				PRODUCT_NAME = "$(TARGET_NAME)";
				SDKROOT = watchos;
				SKIP_INSTALL = YES;
				SWIFT_EMIT_LOC_STRINGS = YES;
				SWIFT_VERSION = 5.0;
				TARGETED_DEVICE_FAMILY = 4;
				WATCHOS_DEPLOYMENT_TARGET = 8.0;
			};
			name = Debug;
		};
		FD68F0FF27AC183A00379095 /* Release */ = {
			isa = XCBuildConfiguration;
			buildSettings = {
				ALWAYS_EMBED_SWIFT_STANDARD_LIBRARIES = YES;
				ASSETCATALOG_COMPILER_APPICON_NAME = AppIcon;
				ASSETCATALOG_COMPILER_GLOBAL_ACCENT_COLOR_NAME = AccentColor;
				CODE_SIGN_STYLE = Automatic;
				CURRENT_PROJECT_VERSION = 1;
				DEVELOPMENT_TEAM = 7M7ZGYSAKB;
				GENERATE_INFOPLIST_FILE = YES;
				IBSC_MODULE = WatchConnectivitySampleForSwiftUI2_WatchKit_Extension;
				INFOPLIST_KEY_CFBundleDisplayName = "WatchConnectivitySampleForSwiftUI2 WatchKit App";
				INFOPLIST_KEY_UISupportedInterfaceOrientations = "UIInterfaceOrientationPortrait UIInterfaceOrientationPortraitUpsideDown";
				INFOPLIST_KEY_WKCompanionAppBundleIdentifier = com.ASTK.WatchConnectivitySampleForSwiftUI2;
				MARKETING_VERSION = 1.0;
				PRODUCT_BUNDLE_IDENTIFIER = com.ASTK.WatchConnectivitySampleForSwiftUI2.watchkitapp;
				PRODUCT_NAME = "$(TARGET_NAME)";
				SDKROOT = watchos;
				SKIP_INSTALL = YES;
				SWIFT_EMIT_LOC_STRINGS = YES;
				SWIFT_VERSION = 5.0;
				TARGETED_DEVICE_FAMILY = 4;
				VALIDATE_PRODUCT = YES;
				WATCHOS_DEPLOYMENT_TARGET = 8.0;
			};
			name = Release;
		};
		FD68F10227AC183A00379095 /* Debug */ = {
			isa = XCBuildConfiguration;
			buildSettings = {
				ASSETCATALOG_COMPILER_APPICON_NAME = AppIcon;
				ASSETCATALOG_COMPILER_GLOBAL_ACCENT_COLOR_NAME = AccentColor;
				CODE_SIGN_STYLE = Automatic;
				CURRENT_PROJECT_VERSION = 1;
				DEVELOPMENT_ASSET_PATHS = "\"WatchConnectivitySampleForSwiftUI2/Preview Content\"";
				DEVELOPMENT_TEAM = 7M7ZGYSAKB;
				ENABLE_PREVIEWS = YES;
				GENERATE_INFOPLIST_FILE = YES;
				INFOPLIST_KEY_UIApplicationSceneManifest_Generation = YES;
				INFOPLIST_KEY_UIApplicationSupportsIndirectInputEvents = YES;
				INFOPLIST_KEY_UILaunchScreen_Generation = YES;
				INFOPLIST_KEY_UISupportedInterfaceOrientations_iPad = "UIInterfaceOrientationPortrait UIInterfaceOrientationPortraitUpsideDown UIInterfaceOrientationLandscapeLeft UIInterfaceOrientationLandscapeRight";
				INFOPLIST_KEY_UISupportedInterfaceOrientations_iPhone = "UIInterfaceOrientationPortrait UIInterfaceOrientationLandscapeLeft UIInterfaceOrientationLandscapeRight";
				IPHONEOS_DEPLOYMENT_TARGET = 15.2;
				LD_RUNPATH_SEARCH_PATHS = (
					"$(inherited)",
					"@executable_path/Frameworks",
				);
				MARKETING_VERSION = 1.0;
				PRODUCT_BUNDLE_IDENTIFIER = com.ASTK.WatchConnectivitySampleForSwiftUI2;
				PRODUCT_NAME = "$(TARGET_NAME)";
				SDKROOT = iphoneos;
				SWIFT_EMIT_LOC_STRINGS = YES;
				SWIFT_VERSION = 5.0;
				TARGETED_DEVICE_FAMILY = 1;
			};
			name = Debug;
		};
		FD68F10327AC183A00379095 /* Release */ = {
			isa = XCBuildConfiguration;
			buildSettings = {
				ASSETCATALOG_COMPILER_APPICON_NAME = AppIcon;
				ASSETCATALOG_COMPILER_GLOBAL_ACCENT_COLOR_NAME = AccentColor;
				CODE_SIGN_STYLE = Automatic;
				CURRENT_PROJECT_VERSION = 1;
				DEVELOPMENT_ASSET_PATHS = "\"WatchConnectivitySampleForSwiftUI2/Preview Content\"";
				DEVELOPMENT_TEAM = 7M7ZGYSAKB;
				ENABLE_PREVIEWS = YES;
				GENERATE_INFOPLIST_FILE = YES;
				INFOPLIST_KEY_UIApplicationSceneManifest_Generation = YES;
				INFOPLIST_KEY_UIApplicationSupportsIndirectInputEvents = YES;
				INFOPLIST_KEY_UILaunchScreen_Generation = YES;
				INFOPLIST_KEY_UISupportedInterfaceOrientations_iPad = "UIInterfaceOrientationPortrait UIInterfaceOrientationPortraitUpsideDown UIInterfaceOrientationLandscapeLeft UIInterfaceOrientationLandscapeRight";
				INFOPLIST_KEY_UISupportedInterfaceOrientations_iPhone = "UIInterfaceOrientationPortrait UIInterfaceOrientationLandscapeLeft UIInterfaceOrientationLandscapeRight";
				IPHONEOS_DEPLOYMENT_TARGET = 15.2;
				LD_RUNPATH_SEARCH_PATHS = (
					"$(inherited)",
					"@executable_path/Frameworks",
				);
				MARKETING_VERSION = 1.0;
				PRODUCT_BUNDLE_IDENTIFIER = com.ASTK.WatchConnectivitySampleForSwiftUI2;
				PRODUCT_NAME = "$(TARGET_NAME)";
				SDKROOT = iphoneos;
				SWIFT_EMIT_LOC_STRINGS = YES;
				SWIFT_VERSION = 5.0;
				TARGETED_DEVICE_FAMILY = 1;
				VALIDATE_PRODUCT = YES;
			};
			name = Release;
		};
/* End XCBuildConfiguration section */

/* Begin XCConfigurationList section */
		FD68F0C827AC183700379095 /* Build configuration list for PBXProject "WatchConnectivitySampleForSwiftUI2" */ = {
			isa = XCConfigurationList;
			buildConfigurations = (
				FD68F0F727AC183A00379095 /* Debug */,
				FD68F0F827AC183A00379095 /* Release */,
			);
			defaultConfigurationIsVisible = 0;
			defaultConfigurationName = Release;
		};
		FD68F0F927AC183A00379095 /* Build configuration list for PBXNativeTarget "WatchConnectivitySampleForSwiftUI2 WatchKit Extension" */ = {
			isa = XCConfigurationList;
			buildConfigurations = (
				FD68F0FA27AC183A00379095 /* Debug */,
				FD68F0FB27AC183A00379095 /* Release */,
			);
			defaultConfigurationIsVisible = 0;
			defaultConfigurationName = Release;
		};
		FD68F0FD27AC183A00379095 /* Build configuration list for PBXNativeTarget "WatchConnectivitySampleForSwiftUI2 WatchKit App" */ = {
			isa = XCConfigurationList;
			buildConfigurations = (
				FD68F0FE27AC183A00379095 /* Debug */,
				FD68F0FF27AC183A00379095 /* Release */,
			);
			defaultConfigurationIsVisible = 0;
			defaultConfigurationName = Release;
		};
		FD68F10127AC183A00379095 /* Build configuration list for PBXNativeTarget "WatchConnectivitySampleForSwiftUI2" */ = {
			isa = XCConfigurationList;
			buildConfigurations = (
				FD68F10227AC183A00379095 /* Debug */,
				FD68F10327AC183A00379095 /* Release */,
			);
			defaultConfigurationIsVisible = 0;
			defaultConfigurationName = Release;
		};
/* End XCConfigurationList section */
	};
	rootObject = FD68F0C527AC183700379095 /* Project object */;
}
